{
  "name": "devrunner-cli-tools",
  "lockfileVersion": 3,
  "requires": true,
  "packages": {
    "": {
      "name": "devrunner-cli-tools",
      "dependencies": {
        "@anthropic-ai/claude-code": "2.1.131",
        "@openai/codex": "0.139.0",
        "opencode-ai": "1.14.29"
      }
    },
    "node_modules/@anthropic-ai/claude-code": {
      "version": "2.1.131",
      "resolved": "https://registry.npmjs.org/@anthropic-ai/claude-code/-/claude-code-2.1.131.tgz",
      "integrity": "sha512-FYzfx3D4zRLo0CnldnCBiR1jPzIEDOQFBx7nZ1DhpJPEE0oKQkcKZ8LqgbhcQyX93djDThfqcBcoT3UJ0RuWIg==",
      "hasInstallScript": true,
      "license": "SEE LICENSE IN README.md",
      "bin": {
        "claude": "bin/claude.exe"
      },
      "engines": {
        "node": ">=18.0.0"
      },
      "optionalDependencies": {
        "@anthropic-ai/claude-code-darwin-arm64": "2.1.131",
        "@anthropic-ai/claude-code-darwin-x64": "2.1.131",
        "@anthropic-ai/claude-code-linux-arm64": "2.1.131",
        "@anthropic-ai/claude-code-linux-arm64-musl": "2.1.131",
        "@anthropic-ai/claude-code-linux-x64": "2.1.131",
        "@anthropic-ai/claude-code-linux-x64-musl": "2.1.131",
        "@anthropic-ai/claude-code-win32-arm64": "2.1.131",
        "@anthropic-ai/claude-code-win32-x64": "2.1.131"
      }
    },
    "node_modules/@anthropic-ai/claude-code-darwin-arm64": {
      "version": "2.1.131",
      "resolved": "https://registry.npmjs.org/@anthropic-ai/claude-code-darwin-arm64/-/claude-code-darwin-arm64-2.1.131.tgz",
      "integrity": "sha512-CAxN9D+xp4AOpDTC3GldPo3C6hrvEXkGjmDGotVHAnP3dEgLKznJL/9fp5tbiMD12J1cVet8mVYmxsZ5IK+ZWQ==",
      "cpu": [
        "arm64"
      ],
      "license": "SEE LICENSE IN LICENSE.md",
      "optional": true,
      "os": [
        "darwin"
      ]
    },
    "node_modules/@anthropic-ai/claude-code-darwin-x64": {
      "version": "2.1.131",
      "resolved": "https://registry.npmjs.org/@anthropic-ai/claude-code-darwin-x64/-/claude-code-darwin-x64-2.1.131.tgz",
      "integrity": "sha512-TdlkDKIzXrn00Ic63XvHxScQZvjgDfaOxLrFkO4YvEYCJdsVLT4XcUZngPZRRZfgFNruKTDD17G8fW9rkqLPag==",
      "cpu": [
        "x64"
      ],
      "license": "SEE LICENSE IN LICENSE.md",
      "optional": true,
      "os": [
        "darwin"
      ]
    },
    "node_modules/@anthropic-ai/claude-code-linux-arm64": {
      "version": "2.1.131",
      "resolved": "https://registry.npmjs.org/@anthropic-ai/claude-code-linux-arm64/-/claude-code-linux-arm64-2.1.131.tgz",
      "integrity": "sha512-9ZLYrd2gQZsW9/6QVm6QD2SE/9/hGMW9rQXTsmIJgwhjGjctU5/GkW40QYsGMg1ANM9x+SDmHW5MRJpRi1ibVg==",
      "cpu": [
        "arm64"
      ],
      "license": "SEE LICENSE IN LICENSE.md",
      "optional": true,
      "os": [
        "linux"
      ]
    },
    "node_modules/@anthropic-ai/claude-code-linux-arm64-musl": {
      "version": "2.1.131",
      "resolved": "https://registry.npmjs.org/@anthropic-ai/claude-code-linux-arm64-musl/-/claude-code-linux-arm64-musl-2.1.131.tgz",
      "integrity": "sha512-oip6BkHHH7pDB/qPA38z4bXS8FgFgmfZnwRTGABWsVGGNglNY0APnxzBXJh/OtDgDrmnLMxpXXii2qbl5Nefmg==",
      "cpu": [
        "arm64"
      ],
      "license": "SEE LICENSE IN LICENSE.md",
      "optional": true,
      "os": [
        "linux"
      ]
    },
    "node_modules/@anthropic-ai/claude-code-linux-x64": {
      "version": "2.1.131",
      "resolved": "https://registry.npmjs.org/@anthropic-ai/claude-code-linux-x64/-/claude-code-linux-x64-2.1.131.tgz",
      "integrity": "sha512-RN1Ho8c37kFymtvmjsT2Vot4MAmoWMAP9pDhBWYbDB2NRJFVvd02tV4UHK86l49U9F/Qo60vSSOnfniYugxMAA==",
      "cpu": [
        "x64"
      ],
      "license": "SEE LICENSE IN LICENSE.md",
      "optional": true,
      "os": [
        "linux"
      ]
    },
    "node_modules/@anthropic-ai/claude-code-linux-x64-musl": {
      "version": "2.1.131",
      "resolved": "https://registry.npmjs.org/@anthropic-ai/claude-code-linux-x64-musl/-/claude-code-linux-x64-musl-2.1.131.tgz",
      "integrity": "sha512-GqAeOrQmbKh+gJ+y5ypWf0HLbM9eqkQB1qfHYktEb8bIqKbFm55Icj9PDJzaTXt27N9GN5jfryxWKAqcFekuKQ==",
      "cpu": [
        "x64"
      ],
      "license": "SEE LICENSE IN LICENSE.md",
      "optional": true,
      "os": [
        "linux"
      ]
    },
    "node_modules/@anthropic-ai/claude-code-win32-arm64": {
      "version": "2.1.131",
      "resolved": "https://registry.npmjs.org/@anthropic-ai/claude-code-win32-arm64/-/claude-code-win32-arm64-2.1.131.tgz",
      "integrity": "sha512-86DM5Rm+wjdLpSn1qSXOoWBHSDJoGSyuPtAtKSjaecc553ddDjetuUpqHgTivihIsoLFthi8SYoKFUO/tjONpQ==",
      "cpu": [
        "arm64"
      ],
      "license": "SEE LICENSE IN LICENSE.md",
      "optional": true,
      "os": [
        "win32"
      ]
    },
    "node_modules/@anthropic-ai/claude-code-win32-x64": {
      "version": "2.1.131",
      "resolved": "https://registry.npmjs.org/@anthropic-ai/claude-code-win32-x64/-/claude-code-win32-x64-2.1.131.tgz",
      "integrity": "sha512-78qRdNl2EiDKR2j5lNtXXePyvilxl838yHJq7rz3hOzpkJJ3VflPy7DUlRyI3g0/KpfAVRmE5zRTmp1Sl/bKMA==",
      "cpu": [
        "x64"
      ],
      "license": "SEE LICENSE IN LICENSE.md",
      "optional": true,
      "os": [
        "win32"
      ]
    },
    "node_modules/@openai/codex": {
      "version": "0.139.0",
      "resolved": "https://registry.npmjs.org/@openai/codex/-/codex-0.139.0.tgz",
      "integrity": "sha512-wr2fRE+fzW0CjEbfFsLh1ftarVEcw0CMLWS7QyA0nyOz5qacQPVq3cq2+/U7oEbwm1TOqoi0Fm1nxniB5FkpmA==",
      "license": "Apache-2.0",
      "bin": {
        "codex": "bin/codex.js"
      },
      "engines": {
        "node": ">=16"
      },
      "optionalDependencies": {
        "@openai/codex-darwin-arm64": "npm:@openai/codex@0.139.0-darwin-arm64",
        "@openai/codex-darwin-x64": "npm:@openai/codex@0.139.0-darwin-x64",
        "@openai/codex-linux-arm64": "npm:@openai/codex@0.139.0-linux-arm64",
        "@openai/codex-linux-x64": "npm:@openai/codex@0.139.0-linux-x64",
        "@openai/codex-win32-arm64": "npm:@openai/codex@0.139.0-win32-arm64",
        "@openai/codex-win32-x64": "npm:@openai/codex@0.139.0-win32-x64"
      }
    },
    "node_modules/@openai/codex-darwin-arm64": {
      "name": "@openai/codex",
      "version": "0.139.0-darwin-arm64",
      "resolved": "https://registry.npmjs.org/@openai/codex/-/codex-0.139.0-darwin-arm64.tgz",
      "integrity": "sha512-o+0ZKWwgDFMMLO7rwinzO0PQsgK+Vme1pMN2GeAxsX29ZgGZcyPICfpJbeGSUO1mb2a36Skjx6nfdRnxMY0r7w==",
      "cpu": [
        "arm64"
      ],
      "license": "Apache-2.0",
      "optional": true,
      "os": [
        "darwin"
      ],
      "engines": {
        "node": ">=16"
      }
    },
    "node_modules/@openai/codex-darwin-x64": {
      "name": "@openai/codex",
      "version": "0.139.0-darwin-x64",
      "resolved": "https://registry.npmjs.org/@openai/codex/-/codex-0.139.0-darwin-x64.tgz",
      "integrity": "sha512-9gkBWzu6DB2rqU4DbpxD3DE5bofGpsK46Lp0h0I+bKWc2IIcxvSi8K2utKmBLoJCbKrn4JQu7dFNGRqEfENung==",
      "cpu": [
        "x64"
      ],
      "license": "Apache-2.0",
      "optional": true,
      "os": [
        "darwin"
      ],
      "engines": {
        "node": ">=16"
      }
    },
    "node_modules/@openai/codex-linux-arm64": {
      "name": "@openai/codex",
      "version": "0.139.0-linux-arm64",
      "resolved": "https://registry.npmjs.org/@openai/codex/-/codex-0.139.0-linux-arm64.tgz",
      "integrity": "sha512-tBQE5lZciRHeWZGuURgjP9S717MvTIpQMc593+DNxY2LQxozkngOkzFSQd1+/UmQKGrCqdFLu5irIwPXpSZyEw==",
      "cpu": [
        "arm64"
      ],
      "license": "Apache-2.0",
      "optional": true,
      "os": [
        "linux"
      ],
      "engines": {
        "node": ">=16"
      }
    },
    "node_modules/@openai/codex-linux-x64": {
      "name": "@openai/codex",
      "version": "0.139.0-linux-x64",
      "resolved": "https://registry.npmjs.org/@openai/codex/-/codex-0.139.0-linux-x64.tgz",
      "integrity": "sha512-14UgzDS+X4crkvdt6S02A/ZZOrS8ZyWiuTRpguCtnhNamb7unSuDxy86BWgpAl3sqiTaN2CP8VLyp2ohQ8Nbzw==",
      "cpu": [
        "x64"
      ],
      "license": "Apache-2.0",
      "optional": true,
      "os": [
        "linux"
      ],
      "engines": {
        "node": ">=16"
      }
    },
    "node_modules/@openai/codex-win32-arm64": {
      "name": "@openai/codex",
      "version": "0.139.0-win32-arm64",
      "resolved": "https://registry.npmjs.org/@openai/codex/-/codex-0.139.0-win32-arm64.tgz",
      "integrity": "sha512-nlwRjsYotH1Rtqu/Q0VwQbIeO2UX1mkHK84Ov9qn/hl29QqqoBtno0tRyqIPbkXFIVQuWiAYXlV3ugLwH5fTrQ==",
      "cpu": [
        "arm64"
      ],
      "license": "Apache-2.0",
      "optional": true,
      "os": [
        "win32"
      ],
      "engines": {
        "node": ">=16"
      }
    },
    "node_modules/@openai/codex-win32-x64": {
      "name": "@openai/codex",
      "version": "0.139.0-win32-x64",
      "resolved": "https://registry.npmjs.org/@openai/codex/-/codex-0.139.0-win32-x64.tgz",
      "integrity": "sha512-lQrVLNz+90wdvWVNFDvCkHQRiAK9ZllmkTka3c8eqSDqdJk35Gpgppfv9Xtw5M2ZBtTq0sBdWBiCMyzGDBSpmQ==",
      "cpu": [
        "x64"
      ],
      "license": "Apache-2.0",
      "optional": true,
      "os": [
        "win32"
      ],
      "engines": {
        "node": ">=16"
      }
    },
    "node_modules/opencode-ai": {
      "version": "1.14.29",
      "resolved": "https://registry.npmjs.org/opencode-ai/-/opencode-ai-1.14.29.tgz",
      "integrity": "sha512-gN3b+LaEODyEixLvAxg5qx4a1/3FrsScsR56wHwNsTAsn8ss13dFUImG03U6ATGS7DIJ1Xot16F++uqn/YUcOw==",
      "hasInstallScript": true,
      "license": "MIT",
      "bin": {
        "opencode": "bin/opencode"
      },
      "optionalDependencies": {
        "opencode-darwin-arm64": "1.14.29",
        "opencode-darwin-x64": "1.14.29",
        "opencode-darwin-x64-baseline": "1.14.29",
        "opencode-linux-arm64": "1.14.29",
        "opencode-linux-arm64-musl": "1.14.29",
        "opencode-linux-x64": "1.14.29",
        "opencode-linux-x64-baseline": "1.14.29",
        "opencode-linux-x64-baseline-musl": "1.14.29",
        "opencode-linux-x64-musl": "1.14.29",
        "opencode-windows-arm64": "1.14.29",
        "opencode-windows-x64": "1.14.29",
        "opencode-windows-x64-baseline": "1.14.29"
      }
    },
    "node_modules/opencode-darwin-arm64": {
      "version": "1.14.29",
      "resolved": "https://registry.npmjs.org/opencode-darwin-arm64/-/opencode-darwin-arm64-1.14.29.tgz",
      "integrity": "sha512-bqzFU5Cymw/vahwKHvvSRzne2ztE4O+ONoFJuimV3SEGWKcoc5ybuM+7gUXLYye+5ve3Z4o0biVrM5h0f4GYAg==",
      "cpu": [
        "arm64"
      ],
      "optional": true,
      "os": [
        "darwin"
      ]
    },
    "node_modules/opencode-darwin-x64": {
      "version": "1.14.29",
      "resolved": "https://registry.npmjs.org/opencode-darwin-x64/-/opencode-darwin-x64-1.14.29.tgz",
      "integrity": "sha512-l6/KwPm459OsbQ1UXmm3M3B/koVXb3tlS+MaUwecNXTEuWnJnUdiXky708bYjCYKokiOIPPA/jdJx+XWRcCCPQ==",
      "cpu": [
        "x64"
      ],
      "optional": true,
      "os": [
        "darwin"
      ]
    },
    "node_modules/opencode-darwin-x64-baseline": {
      "version": "1.14.29",
      "resolved": "https://registry.npmjs.org/opencode-darwin-x64-baseline/-/opencode-darwin-x64-baseline-1.14.29.tgz",
      "integrity": "sha512-vQ4/oKuYk8AQ6fmKp/e14EqKaFBKFFc0xHDkpBMi3UfuHmcdF9YRLzSSc7t6q5G9n7AMikHzWooQ9QS1j1uFNg==",
      "cpu": [
        "x64"
      ],
      "optional": true,
      "os": [
        "darwin"
      ]
    },
    "node_modules/opencode-linux-arm64": {
      "version": "1.14.29",
      "resolved": "https://registry.npmjs.org/opencode-linux-arm64/-/opencode-linux-arm64-1.14.29.tgz",
      "integrity": "sha512-5uEzHdWzVwTVJU/Dk4Nft4cIcL7az3WUN36uNOl7x728Ofb+tSrdDW6LgfdmnjE3XOODrbnlnH5COuwloA+rhQ==",
      "cpu": [
        "arm64"
      ],
      "optional": true,
      "os": [
        "linux"
      ]
    },
    "node_modules/opencode-linux-arm64-musl": {
      "version": "1.14.29",
      "resolved": "https://registry.npmjs.org/opencode-linux-arm64-musl/-/opencode-linux-arm64-musl-1.14.29.tgz",
      "integrity": "sha512-CKVCoAGugpn7Bo6YqjtbINLG8da7Lt9Xn47ng8x10OyiYvzIaSyIFUMk1LU1B+gtu48U9HF8kXLzfxww2d6Iaw==",
      "cpu": [
        "arm64"
      ],
      "optional": true,
      "os": [
        "linux"
      ]
    },
    "node_modules/opencode-linux-x64": {
      "version": "1.14.29",
      "resolved": "https://registry.npmjs.org/opencode-linux-x64/-/opencode-linux-x64-1.14.29.tgz",
      "integrity": "sha512-0LBtxn6s5R+dcmzo7cEzAhZ+BM4Ojs9tOe6rA9FqSDKaP+hsMHC1ophvBDLqwrEtIo4OZ41X/vcjPxGDYvwCHg==",
      "cpu": [
        "x64"
      ],
      "optional": true,
      "os": [
        "linux"
      ]
    },
    "node_modules/opencode-linux-x64-baseline": {
      "version": "1.14.29",
      "resolved": "https://registry.npmjs.org/opencode-linux-x64-baseline/-/opencode-linux-x64-baseline-1.14.29.tgz",
      "integrity": "sha512-0mIUWoO6nDBixFh5QeCB+iMkR/ba+TctEgkMYQFjbuETPwqGFIdpw7E7D52li1S+zT+QJVojIVxPOmNbLEFP0A==",
      "cpu": [
        "x64"
      ],
      "optional": true,
      "os": [
        "linux"
      ]
    },
    "node_modules/opencode-linux-x64-baseline-musl": {
      "version": "1.14.29",
      "resolved": "https://registry.npmjs.org/opencode-linux-x64-baseline-musl/-/opencode-linux-x64-baseline-musl-1.14.29.tgz",
      "integrity": "sha512-AfpB57M7LJthmMQ5Fvweg4kqZgXLr9iV3GhEV/vRY61HEHh3ZcB26ivcvWlL7oEN6qxmw1nsUhouDA7CmqTbVA==",
      "cpu": [
        "x64"
      ],
      "optional": true,
      "os": [
        "linux"
      ]
    },
    "node_modules/opencode-linux-x64-musl": {
      "version": "1.14.29",
      "resolved": "https://registry.npmjs.org/opencode-linux-x64-musl/-/opencode-linux-x64-musl-1.14.29.tgz",
      "integrity": "sha512-hhaqpUS8c/CDZ7K+lLdjgFYtsBfbaC9a2KbikaHXHZyyZQmPUjOYPhTEGX7Dt2KNVcbYM2ZbjrxNUcYRVpQ2lg==",
      "cpu": [
        "x64"
      ],
      "optional": true,
      "os": [
        "linux"
      ]
    },
    "node_modules/opencode-windows-arm64": {
      "version": "1.14.29",
      "resolved": "https://registry.npmjs.org/opencode-windows-arm64/-/opencode-windows-arm64-1.14.29.tgz",
      "integrity": "sha512-zpnyrSBSZ+A65FRevC0yzCWSovz7O5vaufUKRf27QRvysrE4gTuGEhExhT4YkPf6Yp+Wizd/tHPi48qWREOiDw==",
      "cpu": [
        "arm64"
      ],
      "optional": true,
      "os": [
        "win32"
      ]
    },
    "node_modules/opencode-windows-x64": {
      "version": "1.14.29",
      "resolved": "https://registry.npmjs.org/opencode-windows-x64/-/opencode-windows-x64-1.14.29.tgz",
      "integrity": "sha512-GZ++dtSRvAYHihjjpC4AYFyXwdI7AUTEBV0U0YzGSzIL+pD8+y4mwMvk/1eF3cDY+QR0onk9HLcrXr30TIn1hA==",
      "cpu": [
        "x64"
      ],
      "optional": true,
      "os": [
        "win32"
      ]
    },
    "node_modules/opencode-windows-x64-baseline": {
      "version": "1.14.29",
      "resolved": "https://registry.npmjs.org/opencode-windows-x64-baseline/-/opencode-windows-x64-baseline-1.14.29.tgz",
      "integrity": "sha512-wpS8OXbsasJocOn3uj8IVvP+EJYYIMovc0Dfh98y6N7CSjH6LrQs2mIt18SlTSLdze4wvBQCDIF1TQA2ZOmKQA==",
      "cpu": [
        "x64"
      ],
      "optional": true,
      "os": [
        "win32"
      ]
    }
  }
}
