{
  "name": "skuld-cli-tools",
  "lockfileVersion": 3,
  "requires": true,
  "packages": {
    "": {
      "name": "skuld-cli-tools",
      "dependencies": {
        "@anthropic-ai/claude-code": "2.1.266",
        "@openai/codex": "0.153.4",
        "opencode-ai": "1.18.30"
      }
    },
    "node_modules/@anthropic-ai/claude-code": {
      "version": "2.1.266",
      "resolved": "https://registry.npmjs.org/@anthropic-ai/claude-code/-/claude-code-2.1.266.tgz",
      "integrity": "sha512-zaEL5S5twZgQzmF1b/SBMSOllwMrJiqHXTd25ZWwaZRKr1jUKy4jGTPR/uMLYWsuv9Az1neiaWGLJu93lPYO8w==",
      "hasInstallScript": true,
      "license": "SEE LICENSE IN README.md",
      "bin": {
        "claude": "bin/claude.exe"
      },
      "engines": {
        "node": ">=22.0.0"
      },
      "optionalDependencies": {
        "@anthropic-ai/claude-code-darwin-arm64": "2.1.266",
        "@anthropic-ai/claude-code-darwin-x64": "2.1.266",
        "@anthropic-ai/claude-code-linux-arm64": "2.1.266",
        "@anthropic-ai/claude-code-linux-arm64-musl": "2.1.266",
        "@anthropic-ai/claude-code-linux-x64": "2.1.266",
        "@anthropic-ai/claude-code-linux-x64-musl": "2.1.266",
        "@anthropic-ai/claude-code-win32-arm64": "2.1.266",
        "@anthropic-ai/claude-code-win32-x64": "2.1.266"
      }
    },
    "node_modules/@anthropic-ai/claude-code-darwin-arm64": {
      "version": "2.1.266",
      "resolved": "https://registry.npmjs.org/@anthropic-ai/claude-code-darwin-arm64/-/claude-code-darwin-arm64-2.1.266.tgz",
      "integrity": "sha512-VXuQWllJBff2h5b4tzHpv3vLksXGiSFhCGRd6Mpk09T3/xqZIY1supoK04xMtAY4HobeAIyIjINosT0Jl6Yq8w==",
      "cpu": [
        "arm64"
      ],
      "license": "SEE LICENSE IN LICENSE.md",
      "optional": true,
      "os": [
        "darwin"
      ]
    },
    "node_modules/@anthropic-ai/claude-code-darwin-x64": {
      "version": "2.1.266",
      "resolved": "https://registry.npmjs.org/@anthropic-ai/claude-code-darwin-x64/-/claude-code-darwin-x64-2.1.266.tgz",
      "integrity": "sha512-zcVMxGk3pp6Vo6rWolgXXV2fXoPFUYvVazfHeDejglOuSsgmCpGVVBSKSjSSM6ufa1cvb3XiqJ3HH3OjXet6pg==",
      "cpu": [
        "x64"
      ],
      "license": "SEE LICENSE IN LICENSE.md",
      "optional": true,
      "os": [
        "darwin"
      ]
    },
    "node_modules/@anthropic-ai/claude-code-linux-arm64": {
      "version": "2.1.266",
      "resolved": "https://registry.npmjs.org/@anthropic-ai/claude-code-linux-arm64/-/claude-code-linux-arm64-2.1.266.tgz",
      "integrity": "sha512-qnyuPH1dooHNt8KREs7GLNbzvYLHmh3VQYAlvWoQPg09CxdVwBDwos8S+dap03PHv07lPUhrCqliKOV6fIs69w==",
      "cpu": [
        "arm64"
      ],
      "libc": [
        "glibc"
      ],
      "license": "SEE LICENSE IN LICENSE.md",
      "optional": true,
      "os": [
        "linux"
      ]
    },
    "node_modules/@anthropic-ai/claude-code-linux-arm64-musl": {
      "version": "2.1.266",
      "resolved": "https://registry.npmjs.org/@anthropic-ai/claude-code-linux-arm64-musl/-/claude-code-linux-arm64-musl-2.1.266.tgz",
      "integrity": "sha512-PiekRUTXD28N8Q7LYiabX7C51oevy1GpGrVNGx61KgKMi6eV4adyEm6iN3IWQhLDzi0Nkbpct81M0fAdDuiNdg==",
      "cpu": [
        "arm64"
      ],
      "libc": [
        "musl"
      ],
      "license": "SEE LICENSE IN LICENSE.md",
      "optional": true,
      "os": [
        "linux"
      ]
    },
    "node_modules/@anthropic-ai/claude-code-linux-x64": {
      "version": "2.1.266",
      "resolved": "https://registry.npmjs.org/@anthropic-ai/claude-code-linux-x64/-/claude-code-linux-x64-2.1.266.tgz",
      "integrity": "sha512-0YW7k2gyjCKfoNNMn+h9LVOKbZi/XVie2BBLGcoahXtRmWIXNuhazEd0BdvXDbcUc7mi9A2Nwq/TWD/riwO6oA==",
      "cpu": [
        "x64"
      ],
      "libc": [
        "glibc"
      ],
      "license": "SEE LICENSE IN LICENSE.md",
      "optional": true,
      "os": [
        "linux"
      ]
    },
    "node_modules/@anthropic-ai/claude-code-linux-x64-musl": {
      "version": "2.1.266",
      "resolved": "https://registry.npmjs.org/@anthropic-ai/claude-code-linux-x64-musl/-/claude-code-linux-x64-musl-2.1.266.tgz",
      "integrity": "sha512-4nW3qLWw2iy/Qjyjt5+N+nofkySQkN2c/VQfowyadrbg/yEgX2A1JQJXB106of+zt2dTTpM5Qy/Ai7IJ9MJJ/Q==",
      "cpu": [
        "x64"
      ],
      "libc": [
        "musl"
      ],
      "license": "SEE LICENSE IN LICENSE.md",
      "optional": true,
      "os": [
        "linux"
      ]
    },
    "node_modules/@anthropic-ai/claude-code-win32-arm64": {
      "version": "2.1.266",
      "resolved": "https://registry.npmjs.org/@anthropic-ai/claude-code-win32-arm64/-/claude-code-win32-arm64-2.1.266.tgz",
      "integrity": "sha512-LFbmYdnhWU4BCnEImXShkw76kyIMPOfgzwW1N4uPac4x6gvnk+9Wd8no6JyfBGPPej69/bu8Pgp09VMDML2ikg==",
      "cpu": [
        "arm64"
      ],
      "license": "SEE LICENSE IN LICENSE.md",
      "optional": true,
      "os": [
        "win32"
      ]
    },
    "node_modules/@anthropic-ai/claude-code-win32-x64": {
      "version": "2.1.266",
      "resolved": "https://registry.npmjs.org/@anthropic-ai/claude-code-win32-x64/-/claude-code-win32-x64-2.1.266.tgz",
      "integrity": "sha512-C+5K9u62OLUQ2fW6P6Dpr3ojema4AxEeTdlLubXgh4QTTyQNkHOVbzSNCLoQow2WHBqZNIfIJJAizA+pwM8SPQ==",
      "cpu": [
        "x64"
      ],
      "license": "SEE LICENSE IN LICENSE.md",
      "optional": true,
      "os": [
        "win32"
      ]
    },
    "node_modules/@openai/codex": {
      "version": "0.153.4",
      "resolved": "https://registry.npmjs.org/@openai/codex/-/codex-0.153.4.tgz",
      "integrity": "sha512-wbHDmit7S/YvBGVX1DQmk13xtWblZ2cApeJ/pB7xDZ10Cna+DZc5ij7f0F4OxdsXN4FW1oLT48OpogUI1+8Y2w==",
      "license": "Apache-2.0",
      "bin": {
        "codex": "bin/codex.js"
      },
      "engines": {
        "node": ">=16"
      },
      "optionalDependencies": {
        "@openai/codex-darwin-arm64": "npm:@openai/codex@0.153.4-darwin-arm64",
        "@openai/codex-darwin-x64": "npm:@openai/codex@0.153.4-darwin-x64",
        "@openai/codex-linux-arm64": "npm:@openai/codex@0.153.4-linux-arm64",
        "@openai/codex-linux-x64": "npm:@openai/codex@0.153.4-linux-x64",
        "@openai/codex-win32-arm64": "npm:@openai/codex@0.153.4-win32-arm64",
        "@openai/codex-win32-x64": "npm:@openai/codex@0.153.4-win32-x64"
      }
    },
    "node_modules/@openai/codex-darwin-arm64": {
      "name": "@openai/codex",
      "version": "0.153.4-darwin-arm64",
      "resolved": "https://registry.npmjs.org/@openai/codex/-/codex-0.153.4-darwin-arm64.tgz",
      "integrity": "sha512-B1qhN3fa1ay0R0wGziXqgwSkB5icpYChNKHhtBHff/0UtSTC7z+l8aTtvMlGjH3E8HEvY3+njIJelM9CAAoVWg==",
      "cpu": [
        "arm64"
      ],
      "license": "Apache-2.0",
      "optional": true,
      "os": [
        "darwin"
      ],
      "engines": {
        "node": ">=16"
      }
    },
    "node_modules/@openai/codex-darwin-x64": {
      "name": "@openai/codex",
      "version": "0.153.4-darwin-x64",
      "resolved": "https://registry.npmjs.org/@openai/codex/-/codex-0.153.4-darwin-x64.tgz",
      "integrity": "sha512-vnSbbPzfoDZmmyzsxswsDDXQ06IVFBzkQU7/hroB3ji93Ok2utcsq8Psfk2tjF5r9mEx8RWFJhzuTGHG26/NDA==",
      "cpu": [
        "x64"
      ],
      "license": "Apache-2.0",
      "optional": true,
      "os": [
        "darwin"
      ],
      "engines": {
        "node": ">=16"
      }
    },
    "node_modules/@openai/codex-linux-arm64": {
      "name": "@openai/codex",
      "version": "0.153.4-linux-arm64",
      "resolved": "https://registry.npmjs.org/@openai/codex/-/codex-0.153.4-linux-arm64.tgz",
      "integrity": "sha512-QKdjYLYV4hXIuUQDP3P6F4NXuWFoKo9WUoV4nAREIx55kiUyi8UsYdsVobkeXir5n/maEQgYMCKLHVma4rNPiw==",
      "cpu": [
        "arm64"
      ],
      "license": "Apache-2.0",
      "optional": true,
      "os": [
        "linux"
      ],
      "engines": {
        "node": ">=16"
      }
    },
    "node_modules/@openai/codex-linux-x64": {
      "name": "@openai/codex",
      "version": "0.153.4-linux-x64",
      "resolved": "https://registry.npmjs.org/@openai/codex/-/codex-0.153.4-linux-x64.tgz",
      "integrity": "sha512-x1EcwBlY3AObM1VTUHNM2AzAJQsyreGdagpF+qFiYi/Oa30VBktvvG0C6tLtCzqW6hjZNWkGZQWmeVk7MuJKWg==",
      "cpu": [
        "x64"
      ],
      "license": "Apache-2.0",
      "optional": true,
      "os": [
        "linux"
      ],
      "engines": {
        "node": ">=16"
      }
    },
    "node_modules/@openai/codex-win32-arm64": {
      "name": "@openai/codex",
      "version": "0.153.4-win32-arm64",
      "resolved": "https://registry.npmjs.org/@openai/codex/-/codex-0.153.4-win32-arm64.tgz",
      "integrity": "sha512-/FBh42976ltF1kxDoPQBg1Q6+hwChRU5/sm5dfeC8kFVQMvOCGoGeY5d8rRZGVJE8XojlXo74VQb0sHowcfgBw==",
      "cpu": [
        "arm64"
      ],
      "license": "Apache-2.0",
      "optional": true,
      "os": [
        "win32"
      ],
      "engines": {
        "node": ">=16"
      }
    },
    "node_modules/@openai/codex-win32-x64": {
      "name": "@openai/codex",
      "version": "0.153.4-win32-x64",
      "resolved": "https://registry.npmjs.org/@openai/codex/-/codex-0.153.4-win32-x64.tgz",
      "integrity": "sha512-lMkB43kJZH0VFr+hoXc11qqR7QtQIbkr07ALgj4urKL1osNyUyuy1iXd3Vzz2iCYvBUCSw7I0l/W1cEPGx9euQ==",
      "cpu": [
        "x64"
      ],
      "license": "Apache-2.0",
      "optional": true,
      "os": [
        "win32"
      ],
      "engines": {
        "node": ">=16"
      }
    },
    "node_modules/opencode-ai": {
      "version": "1.18.30",
      "resolved": "https://registry.npmjs.org/opencode-ai/-/opencode-ai-1.18.30.tgz",
      "integrity": "sha512-oLcOLQE4XzDKy6T5L5d1RdVJvXHXwVlD4hRF5V317JbUQorrl2EyDdGZk5kbgv675J9FXp8usg92MZbEWhh6gQ==",
      "cpu": [
        "arm64",
        "x64"
      ],
      "hasInstallScript": true,
      "license": "MIT",
      "os": [
        "darwin",
        "linux",
        "win32"
      ],
      "bin": {
        "opencode": "bin/opencode.exe"
      },
      "optionalDependencies": {
        "opencode-darwin-arm64": "1.18.30",
        "opencode-darwin-x64": "1.18.30",
        "opencode-darwin-x64-baseline": "1.18.30",
        "opencode-linux-arm64": "1.18.30",
        "opencode-linux-arm64-musl": "1.18.30",
        "opencode-linux-x64": "1.18.30",
        "opencode-linux-x64-baseline": "1.18.30",
        "opencode-linux-x64-baseline-musl": "1.18.30",
        "opencode-linux-x64-musl": "1.18.30",
        "opencode-windows-arm64": "1.18.30",
        "opencode-windows-x64": "1.18.30",
        "opencode-windows-x64-baseline": "1.18.30"
      }
    },
    "node_modules/opencode-darwin-arm64": {
      "version": "1.18.30",
      "resolved": "https://registry.npmjs.org/opencode-darwin-arm64/-/opencode-darwin-arm64-1.18.30.tgz",
      "integrity": "sha512-KO4FJGZpgmSz+NNQ6PizynT5qAzVfoZI5HJLpyD0tYNqePPu87g2/UgVmNW663Bock2r75koLZFjR5waZiFiqw==",
      "cpu": [
        "arm64"
      ],
      "optional": true,
      "os": [
        "darwin"
      ]
    },
    "node_modules/opencode-darwin-x64": {
      "version": "1.18.30",
      "resolved": "https://registry.npmjs.org/opencode-darwin-x64/-/opencode-darwin-x64-1.18.30.tgz",
      "integrity": "sha512-VW9LBLU1Y8GQICT2gAIzL1syK8ac5/BFaSHB6vtVetQuwBE/NKZkAKq4VBVn/87cdkFA645AVnZrUy3SLqdkwA==",
      "cpu": [
        "x64"
      ],
      "optional": true,
      "os": [
        "darwin"
      ]
    },
    "node_modules/opencode-darwin-x64-baseline": {
      "version": "1.18.30",
      "resolved": "https://registry.npmjs.org/opencode-darwin-x64-baseline/-/opencode-darwin-x64-baseline-1.18.30.tgz",
      "integrity": "sha512-DMQWRe9blvI+639fcwqG+JUxppTOVrPyasMF/uWhTi5N+5veXpB1K/wV15D8Lz7uqblH/CE7apxroaz/E7vudA==",
      "cpu": [
        "x64"
      ],
      "optional": true,
      "os": [
        "darwin"
      ]
    },
    "node_modules/opencode-linux-arm64": {
      "version": "1.18.30",
      "resolved": "https://registry.npmjs.org/opencode-linux-arm64/-/opencode-linux-arm64-1.18.30.tgz",
      "integrity": "sha512-KU2VO9oGRhV3M9LCYJXeBBtadIIgJYf620KMHFeghrGL0967Zz7PAcMBFZqTy7gUqNEnMaqOqAkSGx57BIw41Q==",
      "cpu": [
        "arm64"
      ],
      "optional": true,
      "os": [
        "linux"
      ]
    },
    "node_modules/opencode-linux-arm64-musl": {
      "version": "1.18.30",
      "resolved": "https://registry.npmjs.org/opencode-linux-arm64-musl/-/opencode-linux-arm64-musl-1.18.30.tgz",
      "integrity": "sha512-IQedvhqaisv886gwk3bR603fPTErdExQa0z3hmqi7waIeuSsQG9B+suhg6iaD74lmxMbYMRlPlg4kIioytiHGg==",
      "cpu": [
        "arm64"
      ],
      "libc": [
        "musl"
      ],
      "optional": true,
      "os": [
        "linux"
      ]
    },
    "node_modules/opencode-linux-x64": {
      "version": "1.18.30",
      "resolved": "https://registry.npmjs.org/opencode-linux-x64/-/opencode-linux-x64-1.18.30.tgz",
      "integrity": "sha512-qiJz71TAZjV24Lo0mh3HgHMAZSrAPLEn7ld6H540ub0hLc0XA2Pa2YhZxjn1K845azojLv8Ek+zpK6384VbU/w==",
      "cpu": [
        "x64"
      ],
      "optional": true,
      "os": [
        "linux"
      ]
    },
    "node_modules/opencode-linux-x64-baseline": {
      "version": "1.18.30",
      "resolved": "https://registry.npmjs.org/opencode-linux-x64-baseline/-/opencode-linux-x64-baseline-1.18.30.tgz",
      "integrity": "sha512-//sHZuMaNZXo6fzBtgUI5vf1oXiMX9Un2a2R3AUzajRahuW42+98wg9J33uuICblE3RS6G4HxobrvnWA8mr4VA==",
      "cpu": [
        "x64"
      ],
      "optional": true,
      "os": [
        "linux"
      ]
    },
    "node_modules/opencode-linux-x64-baseline-musl": {
      "version": "1.18.30",
      "resolved": "https://registry.npmjs.org/opencode-linux-x64-baseline-musl/-/opencode-linux-x64-baseline-musl-1.18.30.tgz",
      "integrity": "sha512-8VAJb4VnNP6MbqWHMDMUwJ5k47tb5SPDqM0lcsCgfbeGjDy7rgFtlA8PYSgUgA9VTByBWmpfERR/34VVOHe82g==",
      "cpu": [
        "x64"
      ],
      "libc": [
        "musl"
      ],
      "optional": true,
      "os": [
        "linux"
      ]
    },
    "node_modules/opencode-linux-x64-musl": {
      "version": "1.18.30",
      "resolved": "https://registry.npmjs.org/opencode-linux-x64-musl/-/opencode-linux-x64-musl-1.18.30.tgz",
      "integrity": "sha512-7LeMsIfPu1/sEVAUCXRCAk1htCKdRKmrPR5lQvG9NCkxoerpQE6m89eJTRqDQrYWUcHWtVmqo0fwdHdR4MnYcA==",
      "cpu": [
        "x64"
      ],
      "libc": [
        "musl"
      ],
      "optional": true,
      "os": [
        "linux"
      ]
    },
    "node_modules/opencode-windows-arm64": {
      "version": "1.18.30",
      "resolved": "https://registry.npmjs.org/opencode-windows-arm64/-/opencode-windows-arm64-1.18.30.tgz",
      "integrity": "sha512-NLnAzRNqv+6ebLeK5DBGRcN6Fk3PM4STXyrp+IuI8w2WNLJ6JbIk7xxTfbMsrO+CBEV88DCurFOKHB4dpDBaYQ==",
      "cpu": [
        "arm64"
      ],
      "optional": true,
      "os": [
        "win32"
      ]
    },
    "node_modules/opencode-windows-x64": {
      "version": "1.18.30",
      "resolved": "https://registry.npmjs.org/opencode-windows-x64/-/opencode-windows-x64-1.18.30.tgz",
      "integrity": "sha512-E00yRyUDQvdmf8AYQNYDYgZuLkWW0mBqBrACHPwfCCBZdyC8Sa4nUtQq27nAIOPAp2jfyrpH3WJBxT2GVpT42w==",
      "cpu": [
        "x64"
      ],
      "optional": true,
      "os": [
        "win32"
      ]
    },
    "node_modules/opencode-windows-x64-baseline": {
      "version": "1.18.30",
      "resolved": "https://registry.npmjs.org/opencode-windows-x64-baseline/-/opencode-windows-x64-baseline-1.18.30.tgz",
      "integrity": "sha512-BaqwQxA2TWBUNKsmrDoTF1gg3x6lbt7vA4WluRNuT6GuuJJhQ+lJzOTk2G9tqp4bMybR31p5zXAmPf9JwHP2GA==",
      "cpu": [
        "x64"
      ],
      "optional": true,
      "os": [
        "win32"
      ]
    }
  }
}
