{
  "name": "skuld-cli-tools",
  "lockfileVersion": 3,
  "requires": true,
  "packages": {
    "": {
      "name": "skuld-cli-tools",
      "dependencies": {
        "@anthropic-ai/claude-code": "2.1.269",
        "@openai/codex": "0.154.0",
        "@xai-official/grok": "1.0.30",
        "opencode-ai": "1.18.30"
      }
    },
    "node_modules/@anthropic-ai/claude-code": {
      "version": "2.1.269",
      "resolved": "https://registry.npmjs.org/@anthropic-ai/claude-code/-/claude-code-2.1.269.tgz",
      "integrity": "sha512-osSbRU1KjlAfhVSgso7g+KxCr5DLNlfm7xeRPpm/c9s+7HGqQLHbkUYvjepbe6TiHJa9iSeirW/t7vW4sZhTIQ==",
      "hasInstallScript": true,
      "license": "SEE LICENSE IN README.md",
      "bin": {
        "claude": "bin/claude.exe"
      },
      "engines": {
        "node": ">=22.0.0"
      },
      "optionalDependencies": {
        "@anthropic-ai/claude-code-darwin-arm64": "2.1.269",
        "@anthropic-ai/claude-code-darwin-x64": "2.1.269",
        "@anthropic-ai/claude-code-linux-arm64": "2.1.269",
        "@anthropic-ai/claude-code-linux-arm64-musl": "2.1.269",
        "@anthropic-ai/claude-code-linux-x64": "2.1.269",
        "@anthropic-ai/claude-code-linux-x64-musl": "2.1.269",
        "@anthropic-ai/claude-code-win32-arm64": "2.1.269",
        "@anthropic-ai/claude-code-win32-x64": "2.1.269"
      }
    },
    "node_modules/@anthropic-ai/claude-code-darwin-arm64": {
      "version": "2.1.269",
      "resolved": "https://registry.npmjs.org/@anthropic-ai/claude-code-darwin-arm64/-/claude-code-darwin-arm64-2.1.269.tgz",
      "integrity": "sha512-xZjM2thYhj79vsSYqgbqR4vNmgcxv3r0ZiEPkLUiZiSonzTkok0QghEg+jJV0nEFA1c+yH3jEDxUGjSAesaoew==",
      "cpu": [
        "arm64"
      ],
      "license": "SEE LICENSE IN LICENSE.md",
      "optional": true,
      "os": [
        "darwin"
      ]
    },
    "node_modules/@anthropic-ai/claude-code-darwin-x64": {
      "version": "2.1.269",
      "resolved": "https://registry.npmjs.org/@anthropic-ai/claude-code-darwin-x64/-/claude-code-darwin-x64-2.1.269.tgz",
      "integrity": "sha512-oK3VSmkZc8jTe/Hb/e39zZ7rl4b3ubtImvsZtEERurZGfMkP7rX48O0X2jc2UDnkJFroFNP/gIF/sEHgergBVg==",
      "cpu": [
        "x64"
      ],
      "license": "SEE LICENSE IN LICENSE.md",
      "optional": true,
      "os": [
        "darwin"
      ]
    },
    "node_modules/@anthropic-ai/claude-code-linux-arm64": {
      "version": "2.1.269",
      "resolved": "https://registry.npmjs.org/@anthropic-ai/claude-code-linux-arm64/-/claude-code-linux-arm64-2.1.269.tgz",
      "integrity": "sha512-aFhjKAV8ihVlhyeXwRxzC9JpoDinXIMpJFbl+JW3Lc68XhCq5+O27qiryOV0RQ3MtUo1uxoOXrAhX3vUNGjUnA==",
      "cpu": [
        "arm64"
      ],
      "libc": [
        "glibc"
      ],
      "license": "SEE LICENSE IN LICENSE.md",
      "optional": true,
      "os": [
        "linux"
      ]
    },
    "node_modules/@anthropic-ai/claude-code-linux-arm64-musl": {
      "version": "2.1.269",
      "resolved": "https://registry.npmjs.org/@anthropic-ai/claude-code-linux-arm64-musl/-/claude-code-linux-arm64-musl-2.1.269.tgz",
      "integrity": "sha512-aw3/qf6LrCHDyFlUbVnFTqWDIG4RG0zPNwBsTZQSySXCjUQDGOer2Cfaa0rqb3dEkXHZLkbMYa5WlZ+X6qgq2Q==",
      "cpu": [
        "arm64"
      ],
      "libc": [
        "musl"
      ],
      "license": "SEE LICENSE IN LICENSE.md",
      "optional": true,
      "os": [
        "linux"
      ]
    },
    "node_modules/@anthropic-ai/claude-code-linux-x64": {
      "version": "2.1.269",
      "resolved": "https://registry.npmjs.org/@anthropic-ai/claude-code-linux-x64/-/claude-code-linux-x64-2.1.269.tgz",
      "integrity": "sha512-Ti+9oKbf2p9pJuMMj1Fv+6YzljREpy9cx6SN7NV7Zik/vaaXPxC8u+cDiGF7HnPPJ5HsLbmwKoh3BnE3IhdAeQ==",
      "cpu": [
        "x64"
      ],
      "libc": [
        "glibc"
      ],
      "license": "SEE LICENSE IN LICENSE.md",
      "optional": true,
      "os": [
        "linux"
      ]
    },
    "node_modules/@anthropic-ai/claude-code-linux-x64-musl": {
      "version": "2.1.269",
      "resolved": "https://registry.npmjs.org/@anthropic-ai/claude-code-linux-x64-musl/-/claude-code-linux-x64-musl-2.1.269.tgz",
      "integrity": "sha512-IrVhwtQk8DKEA390Ql3IPJbCRtMEVzhe2nZPJ3GOVZnCQJhhAX81KpB5We7PNW79ilr/yGAeMUFxTkbgyMhkBQ==",
      "cpu": [
        "x64"
      ],
      "libc": [
        "musl"
      ],
      "license": "SEE LICENSE IN LICENSE.md",
      "optional": true,
      "os": [
        "linux"
      ]
    },
    "node_modules/@anthropic-ai/claude-code-win32-arm64": {
      "version": "2.1.269",
      "resolved": "https://registry.npmjs.org/@anthropic-ai/claude-code-win32-arm64/-/claude-code-win32-arm64-2.1.269.tgz",
      "integrity": "sha512-hxcvPtDdnWI1G6eglYDS+2heuaREThljEwi0pZYi93jtBVr7+jn0o/Q35C4tnpmXaTt0sQYr8aZp6cOgIV4ilw==",
      "cpu": [
        "arm64"
      ],
      "license": "SEE LICENSE IN LICENSE.md",
      "optional": true,
      "os": [
        "win32"
      ]
    },
    "node_modules/@anthropic-ai/claude-code-win32-x64": {
      "version": "2.1.269",
      "resolved": "https://registry.npmjs.org/@anthropic-ai/claude-code-win32-x64/-/claude-code-win32-x64-2.1.269.tgz",
      "integrity": "sha512-kVW7UFGm7XqU7QvyksscCyiMOFDJhHSJX3M4YWBP9cde+Aj48K2LHnOvyM4aCO5mIPQl/j7tUVClUMQwsOf1tQ==",
      "cpu": [
        "x64"
      ],
      "license": "SEE LICENSE IN LICENSE.md",
      "optional": true,
      "os": [
        "win32"
      ]
    },
    "node_modules/@iarna/toml": {
      "version": "3.0.0",
      "resolved": "https://registry.npmjs.org/@iarna/toml/-/toml-3.0.0.tgz",
      "integrity": "sha512-td6ZUkz2oS3VeleBcN+m//Q6HlCFCPrnI0FZhrt/h4XqLEdOyYp2u21nd8MdsR+WJy5r9PTDaHTDDfhf4H4l6Q==",
      "license": "ISC"
    },
    "node_modules/@openai/codex": {
      "version": "0.154.0",
      "resolved": "https://registry.npmjs.org/@openai/codex/-/codex-0.154.0.tgz",
      "integrity": "sha512-FV/x1OHXYv/ifjf3mXj9ThTTAWcUZN6cGIRQRhRxkKNOPuImu1WW0c8ev1vUkE9XGH90dEnYG1tBjIkxRikg0w==",
      "license": "Apache-2.0",
      "bin": {
        "codex": "bin/codex.js"
      },
      "engines": {
        "node": ">=16"
      },
      "optionalDependencies": {
        "@openai/codex-darwin-arm64": "npm:@openai/codex@0.154.0-darwin-arm64",
        "@openai/codex-darwin-x64": "npm:@openai/codex@0.154.0-darwin-x64",
        "@openai/codex-linux-arm64": "npm:@openai/codex@0.154.0-linux-arm64",
        "@openai/codex-linux-x64": "npm:@openai/codex@0.154.0-linux-x64",
        "@openai/codex-win32-arm64": "npm:@openai/codex@0.154.0-win32-arm64",
        "@openai/codex-win32-x64": "npm:@openai/codex@0.154.0-win32-x64"
      }
    },
    "node_modules/@openai/codex-darwin-arm64": {
      "name": "@openai/codex",
      "version": "0.154.0-darwin-arm64",
      "resolved": "https://registry.npmjs.org/@openai/codex/-/codex-0.154.0-darwin-arm64.tgz",
      "integrity": "sha512-HP/vJCH/t2hB9Kg6hotN9UglClJ6/z584fal5lEP14C9gNAgAQS4/kTQC7l5V+BA3TqwDPwINSjul28cX8AYXg==",
      "cpu": [
        "arm64"
      ],
      "license": "Apache-2.0",
      "optional": true,
      "os": [
        "darwin"
      ],
      "engines": {
        "node": ">=16"
      }
    },
    "node_modules/@openai/codex-darwin-x64": {
      "name": "@openai/codex",
      "version": "0.154.0-darwin-x64",
      "resolved": "https://registry.npmjs.org/@openai/codex/-/codex-0.154.0-darwin-x64.tgz",
      "integrity": "sha512-2aqz+72Hop8PF2RYglQ4JnGjm3OlRIrTykJIT0hyLeUgM6NCFy09RgTmqRCoWliKQZjEn9jjZqUEp7QujAj77g==",
      "cpu": [
        "x64"
      ],
      "license": "Apache-2.0",
      "optional": true,
      "os": [
        "darwin"
      ],
      "engines": {
        "node": ">=16"
      }
    },
    "node_modules/@openai/codex-linux-arm64": {
      "name": "@openai/codex",
      "version": "0.154.0-linux-arm64",
      "resolved": "https://registry.npmjs.org/@openai/codex/-/codex-0.154.0-linux-arm64.tgz",
      "integrity": "sha512-KmTCB6ST484zeYlPpKP/K5P/gRaYmt6TihVD+zotoe6O9q0JSBP+FYvCz4A/zZXR7xDOHURTSjHp0sD8wWS0YQ==",
      "cpu": [
        "arm64"
      ],
      "license": "Apache-2.0",
      "optional": true,
      "os": [
        "linux"
      ],
      "engines": {
        "node": ">=16"
      }
    },
    "node_modules/@openai/codex-linux-x64": {
      "name": "@openai/codex",
      "version": "0.154.0-linux-x64",
      "resolved": "https://registry.npmjs.org/@openai/codex/-/codex-0.154.0-linux-x64.tgz",
      "integrity": "sha512-a4FI3A8sGtwGrOqltrPbrS2hajrHQG591EwmRfiRoLMb10VxdBtUGW4gu6IJVYENiYGA7k3P4jlRHEoCZU/s9Q==",
      "cpu": [
        "x64"
      ],
      "license": "Apache-2.0",
      "optional": true,
      "os": [
        "linux"
      ],
      "engines": {
        "node": ">=16"
      }
    },
    "node_modules/@openai/codex-win32-arm64": {
      "name": "@openai/codex",
      "version": "0.154.0-win32-arm64",
      "resolved": "https://registry.npmjs.org/@openai/codex/-/codex-0.154.0-win32-arm64.tgz",
      "integrity": "sha512-CRUmZnE0Y/a8aLMrrA681EytOGaPaF659wJAiI4I3hsbQjaeYBSPV7PkCjy4Qn5LR/fmwIUORVH+6JaBNQL+tw==",
      "cpu": [
        "arm64"
      ],
      "license": "Apache-2.0",
      "optional": true,
      "os": [
        "win32"
      ],
      "engines": {
        "node": ">=16"
      }
    },
    "node_modules/@openai/codex-win32-x64": {
      "name": "@openai/codex",
      "version": "0.154.0-win32-x64",
      "resolved": "https://registry.npmjs.org/@openai/codex/-/codex-0.154.0-win32-x64.tgz",
      "integrity": "sha512-Stg2KEJPIKVqPPR1wCverGOR4ey3RR3cvakR07w7FNKQUMzmHaOZomRsP2bR1qOT/67yHsks9rB+MCMfIWXcRA==",
      "cpu": [
        "x64"
      ],
      "license": "Apache-2.0",
      "optional": true,
      "os": [
        "win32"
      ],
      "engines": {
        "node": ">=16"
      }
    },
    "node_modules/@xai-official/grok": {
      "version": "1.0.30",
      "resolved": "https://registry.npmjs.org/@xai-official/grok/-/grok-1.0.30.tgz",
      "integrity": "sha512-nIz4K8DXHJMIVzbXBKWmM0qT27iZV0T4RI4LQ2AC+vO7JAAAqlQQGyZHqb3TzlF4PFMNBPpUmfnmcbEOrs6FUw==",
      "cpu": [
        "arm64",
        "x64"
      ],
      "hasInstallScript": true,
      "license": "Apache-2.0",
      "os": [
        "darwin",
        "linux",
        "win32"
      ],
      "dependencies": {
        "@iarna/toml": "^3.0.0"
      },
      "bin": {
        "grok": "bin/grok"
      },
      "engines": {
        "node": ">=20"
      },
      "optionalDependencies": {
        "@xai-official/grok-darwin-arm64": "1.0.30",
        "@xai-official/grok-darwin-x64": "1.0.30",
        "@xai-official/grok-linux-arm64": "1.0.30",
        "@xai-official/grok-linux-x64": "1.0.30",
        "@xai-official/grok-win32-arm64": "1.0.30",
        "@xai-official/grok-win32-x64": "1.0.30"
      }
    },
    "node_modules/@xai-official/grok-darwin-arm64": {
      "version": "1.0.30",
      "resolved": "https://registry.npmjs.org/@xai-official/grok-darwin-arm64/-/grok-darwin-arm64-1.0.30.tgz",
      "integrity": "sha512-/7FLmHU1VX+sdBGBAqDZbOqqu+3iithK9Kky3/IJBaqvxgnaeUbGFCz8f5uG6OkkoKyBZuKbwgId2iI6/e/Prw==",
      "cpu": [
        "arm64"
      ],
      "license": "Apache-2.0",
      "optional": true,
      "os": [
        "darwin"
      ]
    },
    "node_modules/@xai-official/grok-darwin-x64": {
      "version": "1.0.30",
      "resolved": "https://registry.npmjs.org/@xai-official/grok-darwin-x64/-/grok-darwin-x64-1.0.30.tgz",
      "integrity": "sha512-TiRKMh3MFjQHcP7WrjyqcxeQLO0NUdHh59jejwo32ioF21FLaJemI4JtbmBIRbTG2aNsYnCeNWJ98aNzR54Eyg==",
      "cpu": [
        "x64"
      ],
      "license": "Apache-2.0",
      "optional": true,
      "os": [
        "darwin"
      ]
    },
    "node_modules/@xai-official/grok-linux-arm64": {
      "version": "1.0.30",
      "resolved": "https://registry.npmjs.org/@xai-official/grok-linux-arm64/-/grok-linux-arm64-1.0.30.tgz",
      "integrity": "sha512-ggOR6JIsP8Oaz1WpdE8lJFrVKcGfq0QcYhhqir2TfZvGnO5LCIKoLF+hYFim56oLR0RmYM8v7qB4Xh2VlzuzpA==",
      "cpu": [
        "arm64"
      ],
      "license": "Apache-2.0",
      "optional": true,
      "os": [
        "linux"
      ]
    },
    "node_modules/@xai-official/grok-linux-x64": {
      "version": "1.0.30",
      "resolved": "https://registry.npmjs.org/@xai-official/grok-linux-x64/-/grok-linux-x64-1.0.30.tgz",
      "integrity": "sha512-yM1q8mRZeAUUhEJn0SY256D2ucz+jvmK8tKo/Ivcr+7EUouy/VtS9bRfrhTfj5i6IemYxH9NIoV4wtJjSzh90w==",
      "cpu": [
        "x64"
      ],
      "license": "Apache-2.0",
      "optional": true,
      "os": [
        "linux"
      ]
    },
    "node_modules/@xai-official/grok-win32-arm64": {
      "version": "1.0.30",
      "resolved": "https://registry.npmjs.org/@xai-official/grok-win32-arm64/-/grok-win32-arm64-1.0.30.tgz",
      "integrity": "sha512-MLa0AzQzYYcXh/lszwbu++5k3zZ+U547LyNRr0a2d8sQ3rSPrqog+Yz7rCG0jjSfGt+eklnKuQzIV2XsuP6kbA==",
      "cpu": [
        "arm64"
      ],
      "license": "Apache-2.0",
      "optional": true,
      "os": [
        "win32"
      ]
    },
    "node_modules/@xai-official/grok-win32-x64": {
      "version": "1.0.30",
      "resolved": "https://registry.npmjs.org/@xai-official/grok-win32-x64/-/grok-win32-x64-1.0.30.tgz",
      "integrity": "sha512-r8iEYsEspPXzKDmKMQq6wqnvNzbAjTsihFnharoOsJK/SgSiOR2PINrXzVDOaORxQPWTWlxRjIuqt9DY1iInIw==",
      "cpu": [
        "x64"
      ],
      "license": "Apache-2.0",
      "optional": true,
      "os": [
        "win32"
      ]
    },
    "node_modules/opencode-ai": {
      "version": "1.18.30",
      "resolved": "https://registry.npmjs.org/opencode-ai/-/opencode-ai-1.18.30.tgz",
      "integrity": "sha512-oLcOLQE4XzDKy6T5L5d1RdVJvXHXwVlD4hRF5V317JbUQorrl2EyDdGZk5kbgv675J9FXp8usg92MZbEWhh6gQ==",
      "cpu": [
        "arm64",
        "x64"
      ],
      "hasInstallScript": true,
      "license": "MIT",
      "os": [
        "darwin",
        "linux",
        "win32"
      ],
      "bin": {
        "opencode": "bin/opencode.exe"
      },
      "optionalDependencies": {
        "opencode-darwin-arm64": "1.18.30",
        "opencode-darwin-x64": "1.18.30",
        "opencode-darwin-x64-baseline": "1.18.30",
        "opencode-linux-arm64": "1.18.30",
        "opencode-linux-arm64-musl": "1.18.30",
        "opencode-linux-x64": "1.18.30",
        "opencode-linux-x64-baseline": "1.18.30",
        "opencode-linux-x64-baseline-musl": "1.18.30",
        "opencode-linux-x64-musl": "1.18.30",
        "opencode-windows-arm64": "1.18.30",
        "opencode-windows-x64": "1.18.30",
        "opencode-windows-x64-baseline": "1.18.30"
      }
    },
    "node_modules/opencode-darwin-arm64": {
      "version": "1.18.30",
      "resolved": "https://registry.npmjs.org/opencode-darwin-arm64/-/opencode-darwin-arm64-1.18.30.tgz",
      "integrity": "sha512-KO4FJGZpgmSz+NNQ6PizynT5qAzVfoZI5HJLpyD0tYNqePPu87g2/UgVmNW663Bock2r75koLZFjR5waZiFiqw==",
      "cpu": [
        "arm64"
      ],
      "optional": true,
      "os": [
        "darwin"
      ]
    },
    "node_modules/opencode-darwin-x64": {
      "version": "1.18.30",
      "resolved": "https://registry.npmjs.org/opencode-darwin-x64/-/opencode-darwin-x64-1.18.30.tgz",
      "integrity": "sha512-VW9LBLU1Y8GQICT2gAIzL1syK8ac5/BFaSHB6vtVetQuwBE/NKZkAKq4VBVn/87cdkFA645AVnZrUy3SLqdkwA==",
      "cpu": [
        "x64"
      ],
      "optional": true,
      "os": [
        "darwin"
      ]
    },
    "node_modules/opencode-darwin-x64-baseline": {
      "version": "1.18.30",
      "resolved": "https://registry.npmjs.org/opencode-darwin-x64-baseline/-/opencode-darwin-x64-baseline-1.18.30.tgz",
      "integrity": "sha512-DMQWRe9blvI+639fcwqG+JUxppTOVrPyasMF/uWhTi5N+5veXpB1K/wV15D8Lz7uqblH/CE7apxroaz/E7vudA==",
      "cpu": [
        "x64"
      ],
      "optional": true,
      "os": [
        "darwin"
      ]
    },
    "node_modules/opencode-linux-arm64": {
      "version": "1.18.30",
      "resolved": "https://registry.npmjs.org/opencode-linux-arm64/-/opencode-linux-arm64-1.18.30.tgz",
      "integrity": "sha512-KU2VO9oGRhV3M9LCYJXeBBtadIIgJYf620KMHFeghrGL0967Zz7PAcMBFZqTy7gUqNEnMaqOqAkSGx57BIw41Q==",
      "cpu": [
        "arm64"
      ],
      "optional": true,
      "os": [
        "linux"
      ]
    },
    "node_modules/opencode-linux-arm64-musl": {
      "version": "1.18.30",
      "resolved": "https://registry.npmjs.org/opencode-linux-arm64-musl/-/opencode-linux-arm64-musl-1.18.30.tgz",
      "integrity": "sha512-IQedvhqaisv886gwk3bR603fPTErdExQa0z3hmqi7waIeuSsQG9B+suhg6iaD74lmxMbYMRlPlg4kIioytiHGg==",
      "cpu": [
        "arm64"
      ],
      "libc": [
        "musl"
      ],
      "optional": true,
      "os": [
        "linux"
      ]
    },
    "node_modules/opencode-linux-x64": {
      "version": "1.18.30",
      "resolved": "https://registry.npmjs.org/opencode-linux-x64/-/opencode-linux-x64-1.18.30.tgz",
      "integrity": "sha512-qiJz71TAZjV24Lo0mh3HgHMAZSrAPLEn7ld6H540ub0hLc0XA2Pa2YhZxjn1K845azojLv8Ek+zpK6384VbU/w==",
      "cpu": [
        "x64"
      ],
      "optional": true,
      "os": [
        "linux"
      ]
    },
    "node_modules/opencode-linux-x64-baseline": {
      "version": "1.18.30",
      "resolved": "https://registry.npmjs.org/opencode-linux-x64-baseline/-/opencode-linux-x64-baseline-1.18.30.tgz",
      "integrity": "sha512-//sHZuMaNZXo6fzBtgUI5vf1oXiMX9Un2a2R3AUzajRahuW42+98wg9J33uuICblE3RS6G4HxobrvnWA8mr4VA==",
      "cpu": [
        "x64"
      ],
      "optional": true,
      "os": [
        "linux"
      ]
    },
    "node_modules/opencode-linux-x64-baseline-musl": {
      "version": "1.18.30",
      "resolved": "https://registry.npmjs.org/opencode-linux-x64-baseline-musl/-/opencode-linux-x64-baseline-musl-1.18.30.tgz",
      "integrity": "sha512-8VAJb4VnNP6MbqWHMDMUwJ5k47tb5SPDqM0lcsCgfbeGjDy7rgFtlA8PYSgUgA9VTByBWmpfERR/34VVOHe82g==",
      "cpu": [
        "x64"
      ],
      "libc": [
        "musl"
      ],
      "optional": true,
      "os": [
        "linux"
      ]
    },
    "node_modules/opencode-linux-x64-musl": {
      "version": "1.18.30",
      "resolved": "https://registry.npmjs.org/opencode-linux-x64-musl/-/opencode-linux-x64-musl-1.18.30.tgz",
      "integrity": "sha512-7LeMsIfPu1/sEVAUCXRCAk1htCKdRKmrPR5lQvG9NCkxoerpQE6m89eJTRqDQrYWUcHWtVmqo0fwdHdR4MnYcA==",
      "cpu": [
        "x64"
      ],
      "libc": [
        "musl"
      ],
      "optional": true,
      "os": [
        "linux"
      ]
    },
    "node_modules/opencode-windows-arm64": {
      "version": "1.18.30",
      "resolved": "https://registry.npmjs.org/opencode-windows-arm64/-/opencode-windows-arm64-1.18.30.tgz",
      "integrity": "sha512-NLnAzRNqv+6ebLeK5DBGRcN6Fk3PM4STXyrp+IuI8w2WNLJ6JbIk7xxTfbMsrO+CBEV88DCurFOKHB4dpDBaYQ==",
      "cpu": [
        "arm64"
      ],
      "optional": true,
      "os": [
        "win32"
      ]
    },
    "node_modules/opencode-windows-x64": {
      "version": "1.18.30",
      "resolved": "https://registry.npmjs.org/opencode-windows-x64/-/opencode-windows-x64-1.18.30.tgz",
      "integrity": "sha512-E00yRyUDQvdmf8AYQNYDYgZuLkWW0mBqBrACHPwfCCBZdyC8Sa4nUtQq27nAIOPAp2jfyrpH3WJBxT2GVpT42w==",
      "cpu": [
        "x64"
      ],
      "optional": true,
      "os": [
        "win32"
      ]
    },
    "node_modules/opencode-windows-x64-baseline": {
      "version": "1.18.30",
      "resolved": "https://registry.npmjs.org/opencode-windows-x64-baseline/-/opencode-windows-x64-baseline-1.18.30.tgz",
      "integrity": "sha512-BaqwQxA2TWBUNKsmrDoTF1gg3x6lbt7vA4WluRNuT6GuuJJhQ+lJzOTk2G9tqp4bMybR31p5zXAmPf9JwHP2GA==",
      "cpu": [
        "x64"
      ],
      "optional": true,
      "os": [
        "win32"
      ]
    }
  }
}
