dependencies:
- name: volundr
  repository: file://../volundr
  version: 0.0.0-ting.159
- name: ting
  repository: file://../ting
  version: 0.0.0-ting.159
- name: niuu-shared
  repository: file://../niuu-shared
  version: 0.0.0-ting.243
- name: guild
  repository: file://../guild
  version: 0.0.0-ting.159
- name: bifrost
  repository: file://../bifrost
  version: 0.0.0
- name: observatory
  repository: file://../observatory
  version: 0.0.0-ting.159
- name: mimir
  repository: file://../mimir
  version: 0.0.0
- name: ravn
  repository: file://../ravn
  version: 0.0.0-ting.159
- name: mimir
  repository: file://../mimir
  version: 0.0.0
- name: mimir
  repository: file://../mimir
  version: 0.0.0
digest: sha256:ebe0d4181be80562fe03faf41b3b25f558fda9405c29f4892e3412b2b26cb2fd
generated: "2026-05-17T19:54:36.322067-04:00"
